{
  "requires": true,
  "lockfileVersion": 1,
  "dependencies": {
    "react-alice-carousel": {
      "version": "2.4.0",
      "resolved": "https://registry.npmjs.org/react-alice-carousel/-/react-alice-carousel-2.4.0.tgz",
      "integrity": "sha512-ea4q7hyvSJr1s97LYQ3gyK1i8KxOQ+IPdt1QYbVqFpm8ZzswDLf0f14Wrh3YQh6FJk4FBd8wPhGKlAG35gKltw==",
      "requires": {
        "vanilla-swipe": "^2.2.0"
      }
    },
    "react-modal-image": {
      "version": "2.5.0",
      "resolved": "https://registry.npmjs.org/react-modal-image/-/react-modal-image-2.5.0.tgz",
      "integrity": "sha512-QucQrgOLmF44CD4EFDLZ9ICrbHEZwztjALgx1GsNmMWZrAtmzDLarG+T1TK2OSE4w1eHfkXtmEhQibjbt0mT2g=="
    },
    "vanilla-swipe": {
      "version": "2.3.0",
      "resolved": "https://registry.npmjs.org/vanilla-swipe/-/vanilla-swipe-2.3.0.tgz",
      "integrity": "sha512-4m8vZ/kckRG7RQUYNg+0lGILMHT08KEgwePlRLzediDSu7aQFBLB0V2n36vUmYqq5CVWASOzZ8zpnQFZXIbHbA=="
    }
  }
}
